
Microsoft Visual Studio Solution File, Format Version 12.00
# Visual Studio Version 17
VisualStudioVersion = 17.10.35013.160
MinimumVisualStudioVersion = 10.0.40219.1
Project("{9A19103F-16F7-4668-BE54-9A1E7A4F7556}") = "TaskTickr", "TaskTickr.csproj", "{6E9EC3C5-8EED-48B0-B2BC-25535449AF38}"
EndProject
Project("{9A19103F-16F7-4668-BE54-9A1E7A4F7556}") = "TaskTickr.Domain", "..\TaskTickr.Domain\TaskTickr.Domain.csproj", "{8A8B0EB9-8FB0-4C6E-8E96-16EBC13CFB82}"
EndProject
Project("{9A19103F-16F7-4668-BE54-9A1E7A4F7556}") = "TaskTickr.Shared", "..\TaskTickr.Shared\TaskTickr.Shared.csproj", "{78A4EB99-57CD-4C4A-A18B-3B69F3B1B767}"
EndProject
Global
	GlobalSection(SolutionConfigurationPlatforms) = preSolution
		Debug|Any CPU = Debug|Any CPU
		Release|Any CPU = Release|Any CPU
	EndGlobalSection
	GlobalSection(ProjectConfigurationPlatforms) = postSolution
		{6E9EC3C5-8EED-48B0-B2BC-25535449AF38}.Debug|Any CPU.ActiveCfg = Debug|Any CPU
		{6E9EC3C5-8EED-48B0-B2BC-25535449AF38}.Debug|Any CPU.Build.0 = Debug|Any CPU
		{6E9EC3C5-8EED-48B0-B2BC-25535449AF38}.Release|Any CPU.ActiveCfg = Release|Any CPU
		{6E9EC3C5-8EED-48B0-B2BC-25535449AF38}.Release|Any CPU.Build.0 = Release|Any CPU
		{8A8B0EB9-8FB0-4C6E-8E96-16EBC13CFB82}.Debug|Any CPU.ActiveCfg = Debug|Any CPU
		{8A8B0EB9-8FB0-4C6E-8E96-16EBC13CFB82}.Debug|Any CPU.Build.0 = Debug|Any CPU
		{8A8B0EB9-8FB0-4C6E-8E96-16EBC13CFB82}.Release|Any CPU.ActiveCfg = Release|Any CPU
		{8A8B0EB9-8FB0-4C6E-8E96-16EBC13CFB82}.Release|Any CPU.Build.0 = Release|Any CPU
		{78A4EB99-57CD-4C4A-A18B-3B69F3B1B767}.Debug|Any CPU.ActiveCfg = Debug|Any CPU
		{78A4EB99-57CD-4C4A-A18B-3B69F3B1B767}.Debug|Any CPU.Build.0 = Debug|Any CPU
		{78A4EB99-57CD-4C4A-A18B-3B69F3B1B767}.Release|Any CPU.ActiveCfg = Release|Any CPU
		{78A4EB99-57CD-4C4A-A18B-3B69F3B1B767}.Release|Any CPU.Build.0 = Release|Any CPU
	EndGlobalSection
	GlobalSection(SolutionProperties) = preSolution
		HideSolutionNode = FALSE
	EndGlobalSection
	GlobalSection(ExtensibilityGlobals) = postSolution
		SolutionGuid = {0B5E38E6-901E-445B-B35F-0877049DEDF1}
	EndGlobalSection
EndGlobal
